
Microsoft Visual Studio Solution File, Format Version 12.00
# Visual Studio Version 16
VisualStudioVersion = 16.0.31025.194
MinimumVisualStudioVersion = 10.0.40219.1
Project("{FAE04EC0-301F-11D3-BF4B-00C04F79EFBC}") = "Octoller.PinBook.Web", "Octoller.PinBook.Web\Octoller.PinBook.Web.csproj", "{116195AA-4A1F-47E1-957E-D299CD771717}"
EndProject
Global
	GlobalSection(SolutionConfigurationPlatforms) = preSolution
		Debug|Any CPU = Debug|Any CPU
		Release|Any CPU = Release|Any CPU
	EndGlobalSection
	GlobalSection(ProjectConfigurationPlatforms) = postSolution
		{116195AA-4A1F-47E1-957E-D299CD771717}.Debug|Any CPU.ActiveCfg = Debug|Any CPU
		{116195AA-4A1F-47E1-957E-D299CD771717}.Debug|Any CPU.Build.0 = Debug|Any CPU
		{116195AA-4A1F-47E1-957E-D299CD771717}.Release|Any CPU.ActiveCfg = Release|Any CPU
		{116195AA-4A1F-47E1-957E-D299CD771717}.Release|Any CPU.Build.0 = Release|Any CPU
	EndGlobalSection
	GlobalSection(SolutionProperties) = preSolution
		HideSolutionNode = FALSE
	EndGlobalSection
	GlobalSection(ExtensibilityGlobals) = postSolution
		SolutionGuid = {96E56A78-88F1-4C05-9538-D0EE175F87F2}
	EndGlobalSection
EndGlobal
